
Microsoft Visual Studio Solution File, Format Version 12.00
# Visual Studio 14
VisualStudioVersion = 14.0.25420.1
MinimumVisualStudioVersion = 10.0.40219.1
Project("{8BC9CEB8-8B4A-11D0-8D11-00A0C91BC942}") = "Lumos-Engine", "Lumos-Engine\Lumos-Engine.vcxproj", "{E78F162E-2B49-42FA-90BF-D9C26EF4CD09}"
EndProject
Project("{8BC9CEB8-8B4A-11D0-8D11-00A0C91BC942}") = "Lumos-Sandbox", "Lumos-Sandbox\Lumos-Sandbox.vcxproj", "{E911A598-7DE6-4146-A4F5-673F385C776C}"
	ProjectSection(ProjectDependencies) = postProject
		{E78F162E-2B49-42FA-90BF-D9C26EF4CD09} = {E78F162E-2B49-42FA-90BF-D9C26EF4CD09}
	EndProjectSection
EndProject
Global
	GlobalSection(SolutionConfigurationPlatforms) = preSolution
		Debug|x64 = Debug|x64
		Debug|x86 = Debug|x86
		Release|x64 = Release|x64
		Release|x86 = Release|x86
	EndGlobalSection
	GlobalSection(ProjectConfigurationPlatforms) = postSolution
		{E78F162E-2B49-42FA-90BF-D9C26EF4CD09}.Debug|x64.ActiveCfg = Debug|x64
		{E78F162E-2B49-42FA-90BF-D9C26EF4CD09}.Debug|x64.Build.0 = Debug|x64
		{E78F162E-2B49-42FA-90BF-D9C26EF4CD09}.Debug|x86.ActiveCfg = Debug|Win32
		{E78F162E-2B49-42FA-90BF-D9C26EF4CD09}.Debug|x86.Build.0 = Debug|Win32
		{E78F162E-2B49-42FA-90BF-D9C26EF4CD09}.Release|x64.ActiveCfg = Release|x64
		{E78F162E-2B49-42FA-90BF-D9C26EF4CD09}.Release|x64.Build.0 = Release|x64
		{E78F162E-2B49-42FA-90BF-D9C26EF4CD09}.Release|x86.ActiveCfg = Release|Win32
		{E78F162E-2B49-42FA-90BF-D9C26EF4CD09}.Release|x86.Build.0 = Release|Win32
		{E911A598-7DE6-4146-A4F5-673F385C776C}.Debug|x64.ActiveCfg = Debug|x64
		{E911A598-7DE6-4146-A4F5-673F385C776C}.Debug|x64.Build.0 = Debug|x64
		{E911A598-7DE6-4146-A4F5-673F385C776C}.Debug|x86.ActiveCfg = Debug|Win32
		{E911A598-7DE6-4146-A4F5-673F385C776C}.Debug|x86.Build.0 = Debug|Win32
		{E911A598-7DE6-4146-A4F5-673F385C776C}.Release|x64.ActiveCfg = Release|x64
		{E911A598-7DE6-4146-A4F5-673F385C776C}.Release|x64.Build.0 = Release|x64
		{E911A598-7DE6-4146-A4F5-673F385C776C}.Release|x86.ActiveCfg = Release|Win32
		{E911A598-7DE6-4146-A4F5-673F385C776C}.Release|x86.Build.0 = Release|Win32
	EndGlobalSection
	GlobalSection(SolutionProperties) = preSolution
		HideSolutionNode = FALSE
	EndGlobalSection
EndGlobal
